
Microsoft Visual Studio Solution File, Format Version 12.00
# Visual Studio Version 16
VisualStudioVersion = 16.0.29009.5
MinimumVisualStudioVersion = 10.0.40219.1
Project("{FAE04EC0-301F-11D3-BF4B-00C04F79EFBC}") = "Projeto04.UWP", "Projeto04\Projeto04.UWP\Projeto04.UWP.csproj", "{8F1892D8-832D-46C1-B993-F45753060736}"
EndProject
Project("{FAE04EC0-301F-11D3-BF4B-00C04F79EFBC}") = "Projeto04.Android", "Projeto04\Projeto04.Android\Projeto04.Android.csproj", "{AAE3434C-57A0-48D6-B7BD-9A6C0213F86E}"
EndProject
Project("{FAE04EC0-301F-11D3-BF4B-00C04F79EFBC}") = "Projeto04.iOS", "Projeto04\Projeto04.iOS\Projeto04.iOS.csproj", "{B7BF397B-074E-4855-B597-64CFE650FFC0}"
EndProject
Project("{FAE04EC0-301F-11D3-BF4B-00C04F79EFBC}") = "Projeto04", "Projeto04\Projeto04\Projeto04.csproj", "{90FB11AF-8901-4432-9BE1-0F00807D82E6}"
EndProject
Global
	GlobalSection(SolutionConfigurationPlatforms) = preSolution
		Debug|Any CPU = Debug|Any CPU
		Debug|ARM = Debug|ARM
		Debug|iPhone = Debug|iPhone
		Debug|iPhoneSimulator = Debug|iPhoneSimulator
		Debug|x64 = Debug|x64
		Debug|x86 = Debug|x86
		Release|Any CPU = Release|Any CPU
		Release|ARM = Release|ARM
		Release|iPhone = Release|iPhone
		Release|iPhoneSimulator = Release|iPhoneSimulator
		Release|x64 = Release|x64
		Release|x86 = Release|x86
	EndGlobalSection
	GlobalSection(ProjectConfigurationPlatforms) = postSolution
		{8F1892D8-832D-46C1-B993-F45753060736}.Debug|Any CPU.ActiveCfg = Debug|x86
		{8F1892D8-832D-46C1-B993-F45753060736}.Debug|Any CPU.Build.0 = Debug|x86
		{8F1892D8-832D-46C1-B993-F45753060736}.Debug|Any CPU.Deploy.0 = Debug|x86
		{8F1892D8-832D-46C1-B993-F45753060736}.Debug|ARM.ActiveCfg = Debug|ARM
		{8F1892D8-832D-46C1-B993-F45753060736}.Debug|ARM.Build.0 = Debug|ARM
		{8F1892D8-832D-46C1-B993-F45753060736}.Debug|ARM.Deploy.0 = Debug|ARM
		{8F1892D8-832D-46C1-B993-F45753060736}.Debug|iPhone.ActiveCfg = Debug|x86
		{8F1892D8-832D-46C1-B993-F45753060736}.Debug|iPhone.Build.0 = Debug|x86
		{8F1892D8-832D-46C1-B993-F45753060736}.Debug|iPhone.Deploy.0 = Debug|x86
		{8F1892D8-832D-46C1-B993-F45753060736}.Debug|iPhoneSimulator.ActiveCfg = Debug|x86
		{8F1892D8-832D-46C1-B993-F45753060736}.Debug|iPhoneSimulator.Build.0 = Debug|x86
		{8F1892D8-832D-46C1-B993-F45753060736}.Debug|iPhoneSimulator.Deploy.0 = Debug|x86
		{8F1892D8-832D-46C1-B993-F45753060736}.Debug|x64.ActiveCfg = Debug|x64
		{8F1892D8-832D-46C1-B993-F45753060736}.Debug|x64.Build.0 = Debug|x64
		{8F1892D8-832D-46C1-B993-F45753060736}.Debug|x64.Deploy.0 = Debug|x64
		{8F1892D8-832D-46C1-B993-F45753060736}.Debug|x86.ActiveCfg = Debug|x86
		{8F1892D8-832D-46C1-B993-F45753060736}.Debug|x86.Build.0 = Debug|x86
		{8F1892D8-832D-46C1-B993-F45753060736}.Debug|x86.Deploy.0 = Debug|x86
		{8F1892D8-832D-46C1-B993-F45753060736}.Release|Any CPU.ActiveCfg = Release|x86
		{8F1892D8-832D-46C1-B993-F45753060736}.Release|Any CPU.Build.0 = Release|x86
		{8F1892D8-832D-46C1-B993-F45753060736}.Release|Any CPU.Deploy.0 = Release|x86
		{8F1892D8-832D-46C1-B993-F45753060736}.Release|ARM.ActiveCfg = Release|ARM
		{8F1892D8-832D-46C1-B993-F45753060736}.Release|ARM.Build.0 = Release|ARM
		{8F1892D8-832D-46C1-B993-F45753060736}.Release|ARM.Deploy.0 = Release|ARM
		{8F1892D8-832D-46C1-B993-F45753060736}.Release|iPhone.ActiveCfg = Release|x86
		{8F1892D8-832D-46C1-B993-F45753060736}.Release|iPhone.Build.0 = Release|x86
		{8F1892D8-832D-46C1-B993-F45753060736}.Release|iPhone.Deploy.0 = Release|x86
		{8F1892D8-832D-46C1-B993-F45753060736}.Release|iPhoneSimulator.ActiveCfg = Release|x86
		{8F1892D8-832D-46C1-B993-F45753060736}.Release|iPhoneSimulator.Build.0 = Release|x86
		{8F1892D8-832D-46C1-B993-F45753060736}.Release|iPhoneSimulator.Deploy.0 = Release|x86
		{8F1892D8-832D-46C1-B993-F45753060736}.Release|x64.ActiveCfg = Release|x64
		{8F1892D8-832D-46C1-B993-F45753060736}.Release|x64.Build.0 = Release|x64
		{8F1892D8-832D-46C1-B993-F45753060736}.Release|x64.Deploy.0 = Release|x64
		{8F1892D8-832D-46C1-B993-F45753060736}.Release|x86.ActiveCfg = Release|x86
		{8F1892D8-832D-46C1-B993-F45753060736}.Release|x86.Build.0 = Release|x86
		{8F1892D8-832D-46C1-B993-F45753060736}.Release|x86.Deploy.0 = Release|x86
		{AAE3434C-57A0-48D6-B7BD-9A6C0213F86E}.Debug|Any CPU.ActiveCfg = Debug|Any CPU
		{AAE3434C-57A0-48D6-B7BD-9A6C0213F86E}.Debug|Any CPU.Build.0 = Debug|Any CPU
		{AAE3434C-57A0-48D6-B7BD-9A6C0213F86E}.Debug|Any CPU.Deploy.0 = Debug|Any CPU
		{AAE3434C-57A0-48D6-B7BD-9A6C0213F86E}.Debug|ARM.ActiveCfg = Debug|Any CPU
		{AAE3434C-57A0-48D6-B7BD-9A6C0213F86E}.Debug|ARM.Build.0 = Debug|Any CPU
		{AAE3434C-57A0-48D6-B7BD-9A6C0213F86E}.Debug|ARM.Deploy.0 = Debug|Any CPU
		{AAE3434C-57A0-48D6-B7BD-9A6C0213F86E}.Debug|iPhone.ActiveCfg = Debug|Any CPU
		{AAE3434C-57A0-48D6-B7BD-9A6C0213F86E}.Debug|iPhone.Build.0 = Debug|Any CPU
		{AAE3434C-57A0-48D6-B7BD-9A6C0213F86E}.Debug|iPhone.Deploy.0 = Debug|Any CPU
		{AAE3434C-57A0-48D6-B7BD-9A6C0213F86E}.Debug|iPhoneSimulator.ActiveCfg = Debug|Any CPU
		{AAE3434C-57A0-48D6-B7BD-9A6C0213F86E}.Debug|iPhoneSimulator.Build.0 = Debug|Any CPU
		{AAE3434C-57A0-48D6-B7BD-9A6C0213F86E}.Debug|iPhoneSimulator.Deploy.0 = Debug|Any CPU
		{AAE3434C-57A0-48D6-B7BD-9A6C0213F86E}.Debug|x64.ActiveCfg = Debug|Any CPU
		{AAE3434C-57A0-48D6-B7BD-9A6C0213F86E}.Debug|x64.Build.0 = Debug|Any CPU
		{AAE3434C-57A0-48D6-B7BD-9A6C0213F86E}.Debug|x64.Deploy.0 = Debug|Any CPU
		{AAE3434C-57A0-48D6-B7BD-9A6C0213F86E}.Debug|x86.ActiveCfg = Debug|Any CPU
		{AAE3434C-57A0-48D6-B7BD-9A6C0213F86E}.Debug|x86.Build.0 = Debug|Any CPU
		{AAE3434C-57A0-48D6-B7BD-9A6C0213F86E}.Debug|x86.Deploy.0 = Debug|Any CPU
		{AAE3434C-57A0-48D6-B7BD-9A6C0213F86E}.Release|Any CPU.ActiveCfg = Release|Any CPU
		{AAE3434C-57A0-48D6-B7BD-9A6C0213F86E}.Release|Any CPU.Build.0 = Release|Any CPU
		{AAE3434C-57A0-48D6-B7BD-9A6C0213F86E}.Release|Any CPU.Deploy.0 = Release|Any CPU
		{AAE3434C-57A0-48D6-B7BD-9A6C0213F86E}.Release|ARM.ActiveCfg = Release|Any CPU
		{AAE3434C-57A0-48D6-B7BD-9A6C0213F86E}.Release|ARM.Build.0 = Release|Any CPU
		{AAE3434C-57A0-48D6-B7BD-9A6C0213F86E}.Release|ARM.Deploy.0 = Release|Any CPU
		{AAE3434C-57A0-48D6-B7BD-9A6C0213F86E}.Release|iPhone.ActiveCfg = Release|Any CPU
		{AAE3434C-57A0-48D6-B7BD-9A6C0213F86E}.Release|iPhone.Build.0 = Release|Any CPU
		{AAE3434C-57A0-48D6-B7BD-9A6C0213F86E}.Release|iPhone.Deploy.0 = Release|Any CPU
		{AAE3434C-57A0-48D6-B7BD-9A6C0213F86E}.Release|iPhoneSimulator.ActiveCfg = Release|Any CPU
		{AAE3434C-57A0-48D6-B7BD-9A6C0213F86E}.Release|iPhoneSimulator.Build.0 = Release|Any CPU
		{AAE3434C-57A0-48D6-B7BD-9A6C0213F86E}.Release|iPhoneSimulator.Deploy.0 = Release|Any CPU
		{AAE3434C-57A0-48D6-B7BD-9A6C0213F86E}.Release|x64.ActiveCfg = Release|Any CPU
		{AAE3434C-57A0-48D6-B7BD-9A6C0213F86E}.Release|x64.Build.0 = Release|Any CPU
		{AAE3434C-57A0-48D6-B7BD-9A6C0213F86E}.Release|x64.Deploy.0 = Release|Any CPU
		{AAE3434C-57A0-48D6-B7BD-9A6C0213F86E}.Release|x86.ActiveCfg = Release|Any CPU
		{AAE3434C-57A0-48D6-B7BD-9A6C0213F86E}.Release|x86.Build.0 = Release|Any CPU
		{AAE3434C-57A0-48D6-B7BD-9A6C0213F86E}.Release|x86.Deploy.0 = Release|Any CPU
		{B7BF397B-074E-4855-B597-64CFE650FFC0}.Debug|Any CPU.ActiveCfg = Debug|iPhone
		{B7BF397B-074E-4855-B597-64CFE650FFC0}.Debug|Any CPU.Build.0 = Debug|iPhone
		{B7BF397B-074E-4855-B597-64CFE650FFC0}.Debug|Any CPU.Deploy.0 = Debug|iPhone
		{B7BF397B-074E-4855-B597-64CFE650FFC0}.Debug|ARM.ActiveCfg = Debug|iPhoneSimulator
		{B7BF397B-074E-4855-B597-64CFE650FFC0}.Debug|ARM.Build.0 = Debug|iPhoneSimulator
		{B7BF397B-074E-4855-B597-64CFE650FFC0}.Debug|ARM.Deploy.0 = Debug|iPhoneSimulator
		{B7BF397B-074E-4855-B597-64CFE650FFC0}.Debug|iPhone.ActiveCfg = Debug|iPhone
		{B7BF397B-074E-4855-B597-64CFE650FFC0}.Debug|iPhone.Build.0 = Debug|iPhone
		{B7BF397B-074E-4855-B597-64CFE650FFC0}.Debug|iPhone.Deploy.0 = Debug|iPhone
		{B7BF397B-074E-4855-B597-64CFE650FFC0}.Debug|iPhoneSimulator.ActiveCfg = Debug|iPhoneSimulator
		{B7BF397B-074E-4855-B597-64CFE650FFC0}.Debug|iPhoneSimulator.Build.0 = Debug|iPhoneSimulator
		{B7BF397B-074E-4855-B597-64CFE650FFC0}.Debug|iPhoneSimulator.Deploy.0 = Debug|iPhoneSimulator
		{B7BF397B-074E-4855-B597-64CFE650FFC0}.Debug|x64.ActiveCfg = Debug|iPhone
		{B7BF397B-074E-4855-B597-64CFE650FFC0}.Debug|x64.Build.0 = Debug|iPhone
		{B7BF397B-074E-4855-B597-64CFE650FFC0}.Debug|x64.Deploy.0 = Debug|iPhone
		{B7BF397B-074E-4855-B597-64CFE650FFC0}.Debug|x86.ActiveCfg = Debug|iPhone
		{B7BF397B-074E-4855-B597-64CFE650FFC0}.Debug|x86.Build.0 = Debug|iPhone
		{B7BF397B-074E-4855-B597-64CFE650FFC0}.Debug|x86.Deploy.0 = Debug|iPhone
		{B7BF397B-074E-4855-B597-64CFE650FFC0}.Release|Any CPU.ActiveCfg = Release|iPhone
		{B7BF397B-074E-4855-B597-64CFE650FFC0}.Release|Any CPU.Build.0 = Release|iPhone
		{B7BF397B-074E-4855-B597-64CFE650FFC0}.Release|Any CPU.Deploy.0 = Release|iPhone
		{B7BF397B-074E-4855-B597-64CFE650FFC0}.Release|ARM.ActiveCfg = Release|iPhone
		{B7BF397B-074E-4855-B597-64CFE650FFC0}.Release|ARM.Build.0 = Release|iPhone
		{B7BF397B-074E-4855-B597-64CFE650FFC0}.Release|ARM.Deploy.0 = Release|iPhone
		{B7BF397B-074E-4855-B597-64CFE650FFC0}.Release|iPhone.ActiveCfg = Release|iPhone
		{B7BF397B-074E-4855-B597-64CFE650FFC0}.Release|iPhone.Build.0 = Release|iPhone
		{B7BF397B-074E-4855-B597-64CFE650FFC0}.Release|iPhone.Deploy.0 = Release|iPhone
		{B7BF397B-074E-4855-B597-64CFE650FFC0}.Release|iPhoneSimulator.ActiveCfg = Release|iPhoneSimulator
		{B7BF397B-074E-4855-B597-64CFE650FFC0}.Release|iPhoneSimulator.Build.0 = Release|iPhoneSimulator
		{B7BF397B-074E-4855-B597-64CFE650FFC0}.Release|iPhoneSimulator.Deploy.0 = Release|iPhoneSimulator
		{B7BF397B-074E-4855-B597-64CFE650FFC0}.Release|x64.ActiveCfg = Release|iPhone
		{B7BF397B-074E-4855-B597-64CFE650FFC0}.Release|x64.Build.0 = Release|iPhone
		{B7BF397B-074E-4855-B597-64CFE650FFC0}.Release|x64.Deploy.0 = Release|iPhone
		{B7BF397B-074E-4855-B597-64CFE650FFC0}.Release|x86.ActiveCfg = Release|iPhone
		{B7BF397B-074E-4855-B597-64CFE650FFC0}.Release|x86.Build.0 = Release|iPhone
		{B7BF397B-074E-4855-B597-64CFE650FFC0}.Release|x86.Deploy.0 = Release|iPhone
		{90FB11AF-8901-4432-9BE1-0F00807D82E6}.Debug|Any CPU.ActiveCfg = Debug|Any CPU
		{90FB11AF-8901-4432-9BE1-0F00807D82E6}.Debug|Any CPU.Build.0 = Debug|Any CPU
		{90FB11AF-8901-4432-9BE1-0F00807D82E6}.Debug|Any CPU.Deploy.0 = Debug|Any CPU
		{90FB11AF-8901-4432-9BE1-0F00807D82E6}.Debug|ARM.ActiveCfg = Debug|Any CPU
		{90FB11AF-8901-4432-9BE1-0F00807D82E6}.Debug|ARM.Build.0 = Debug|Any CPU
		{90FB11AF-8901-4432-9BE1-0F00807D82E6}.Debug|ARM.Deploy.0 = Debug|Any CPU
		{90FB11AF-8901-4432-9BE1-0F00807D82E6}.Debug|iPhone.ActiveCfg = Debug|Any CPU
		{90FB11AF-8901-4432-9BE1-0F00807D82E6}.Debug|iPhone.Build.0 = Debug|Any CPU
		{90FB11AF-8901-4432-9BE1-0F00807D82E6}.Debug|iPhone.Deploy.0 = Debug|Any CPU
		{90FB11AF-8901-4432-9BE1-0F00807D82E6}.Debug|iPhoneSimulator.ActiveCfg = Debug|Any CPU
		{90FB11AF-8901-4432-9BE1-0F00807D82E6}.Debug|iPhoneSimulator.Build.0 = Debug|Any CPU
		{90FB11AF-8901-4432-9BE1-0F00807D82E6}.Debug|iPhoneSimulator.Deploy.0 = Debug|Any CPU
		{90FB11AF-8901-4432-9BE1-0F00807D82E6}.Debug|x64.ActiveCfg = Debug|Any CPU
		{90FB11AF-8901-4432-9BE1-0F00807D82E6}.Debug|x64.Build.0 = Debug|Any CPU
		{90FB11AF-8901-4432-9BE1-0F00807D82E6}.Debug|x64.Deploy.0 = Debug|Any CPU
		{90FB11AF-8901-4432-9BE1-0F00807D82E6}.Debug|x86.ActiveCfg = Debug|Any CPU
		{90FB11AF-8901-4432-9BE1-0F00807D82E6}.Debug|x86.Build.0 = Debug|Any CPU
		{90FB11AF-8901-4432-9BE1-0F00807D82E6}.Debug|x86.Deploy.0 = Debug|Any CPU
		{90FB11AF-8901-4432-9BE1-0F00807D82E6}.Release|Any CPU.ActiveCfg = Release|Any CPU
		{90FB11AF-8901-4432-9BE1-0F00807D82E6}.Release|Any CPU.Build.0 = Release|Any CPU
		{90FB11AF-8901-4432-9BE1-0F00807D82E6}.Release|Any CPU.Deploy.0 = Release|Any CPU
		{90FB11AF-8901-4432-9BE1-0F00807D82E6}.Release|ARM.ActiveCfg = Release|Any CPU
		{90FB11AF-8901-4432-9BE1-0F00807D82E6}.Release|ARM.Build.0 = Release|Any CPU
		{90FB11AF-8901-4432-9BE1-0F00807D82E6}.Release|ARM.Deploy.0 = Release|Any CPU
		{90FB11AF-8901-4432-9BE1-0F00807D82E6}.Release|iPhone.ActiveCfg = Release|Any CPU
		{90FB11AF-8901-4432-9BE1-0F00807D82E6}.Release|iPhone.Build.0 = Release|Any CPU
		{90FB11AF-8901-4432-9BE1-0F00807D82E6}.Release|iPhone.Deploy.0 = Release|Any CPU
		{90FB11AF-8901-4432-9BE1-0F00807D82E6}.Release|iPhoneSimulator.ActiveCfg = Release|Any CPU
		{90FB11AF-8901-4432-9BE1-0F00807D82E6}.Release|iPhoneSimulator.Build.0 = Release|Any CPU
		{90FB11AF-8901-4432-9BE1-0F00807D82E6}.Release|iPhoneSimulator.Deploy.0 = Release|Any CPU
		{90FB11AF-8901-4432-9BE1-0F00807D82E6}.Release|x64.ActiveCfg = Release|Any CPU
		{90FB11AF-8901-4432-9BE1-0F00807D82E6}.Release|x64.Build.0 = Release|Any CPU
		{90FB11AF-8901-4432-9BE1-0F00807D82E6}.Release|x64.Deploy.0 = Release|Any CPU
		{90FB11AF-8901-4432-9BE1-0F00807D82E6}.Release|x86.ActiveCfg = Release|Any CPU
		{90FB11AF-8901-4432-9BE1-0F00807D82E6}.Release|x86.Build.0 = Release|Any CPU
		{90FB11AF-8901-4432-9BE1-0F00807D82E6}.Release|x86.Deploy.0 = Release|Any CPU
	EndGlobalSection
	GlobalSection(SolutionProperties) = preSolution
		HideSolutionNode = FALSE
	EndGlobalSection
	GlobalSection(ExtensibilityGlobals) = postSolution
		SolutionGuid = {948EBE39-0721-4968-97F3-80C55F07EE95}
	EndGlobalSection
EndGlobal
